
Microsoft Visual Studio Solution File, Format Version 12.00
# Visual Studio Version 16
VisualStudioVersion = 16.0.30011.22
MinimumVisualStudioVersion = 10.0.40219.1
Project("{FAE04EC0-301F-11D3-BF4B-00C04F79EFBC}") = "SurveyService", "SurveyService.csproj", "{46E002A5-E069-4371-8B46-AB0609A58CAA}"
EndProject
Global
	GlobalSection(SolutionConfigurationPlatforms) = preSolution
		Debug|Any CPU = Debug|Any CPU
		Release|Any CPU = Release|Any CPU
	EndGlobalSection
	GlobalSection(ProjectConfigurationPlatforms) = postSolution
		{46E002A5-E069-4371-8B46-AB0609A58CAA}.Debug|Any CPU.ActiveCfg = Debug|Any CPU
		{46E002A5-E069-4371-8B46-AB0609A58CAA}.Debug|Any CPU.Build.0 = Debug|Any CPU
		{46E002A5-E069-4371-8B46-AB0609A58CAA}.Release|Any CPU.ActiveCfg = Release|Any CPU
		{46E002A5-E069-4371-8B46-AB0609A58CAA}.Release|Any CPU.Build.0 = Release|Any CPU
	EndGlobalSection
	GlobalSection(SolutionProperties) = preSolution
		HideSolutionNode = FALSE
	EndGlobalSection
	GlobalSection(ExtensibilityGlobals) = postSolution
		SolutionGuid = {227091F2-24B0-4168-964E-59BC056F6513}
	EndGlobalSection
EndGlobal
